
Microsoft Visual Studio Solution File, Format Version 12.00
# Visual Studio Version 16
VisualStudioVersion = 16.0.30114.105
MinimumVisualStudioVersion = 10.0.40219.1
Project("{FAE04EC0-301F-11D3-BF4B-00C04F79EFBC}") = "WebApi", "WebApi\WebApi.csproj", "{802E35FC-8D9C-4CDB-A615-612C98E67FE4}"
EndProject
Project("{2150E333-8FDC-42A3-9474-1A3956D46DE8}") = "Tests", "Tests", "{32780060-CC3B-43D2-B555-A1CF44CE0FED}"
EndProject
Project("{FAE04EC0-301F-11D3-BF4B-00C04F79EFBC}") = "WebApi.UnitTest", "Tests\WebApi.UnitTest\WebApi.UnitTest.csproj", "{E81C2094-833A-43C4-8A0A-BEE5A02E2C70}"
EndProject
Global
	GlobalSection(SolutionConfigurationPlatforms) = preSolution
		Debug|Any CPU = Debug|Any CPU
		Release|Any CPU = Release|Any CPU
	EndGlobalSection
	GlobalSection(SolutionProperties) = preSolution
		HideSolutionNode = FALSE
	EndGlobalSection
	GlobalSection(ProjectConfigurationPlatforms) = postSolution
		{802E35FC-8D9C-4CDB-A615-612C98E67FE4}.Debug|Any CPU.ActiveCfg = Debug|Any CPU
		{802E35FC-8D9C-4CDB-A615-612C98E67FE4}.Debug|Any CPU.Build.0 = Debug|Any CPU
		{802E35FC-8D9C-4CDB-A615-612C98E67FE4}.Release|Any CPU.ActiveCfg = Release|Any CPU
		{802E35FC-8D9C-4CDB-A615-612C98E67FE4}.Release|Any CPU.Build.0 = Release|Any CPU
		{E81C2094-833A-43C4-8A0A-BEE5A02E2C70}.Debug|Any CPU.ActiveCfg = Debug|Any CPU
		{E81C2094-833A-43C4-8A0A-BEE5A02E2C70}.Debug|Any CPU.Build.0 = Debug|Any CPU
		{E81C2094-833A-43C4-8A0A-BEE5A02E2C70}.Release|Any CPU.ActiveCfg = Release|Any CPU
		{E81C2094-833A-43C4-8A0A-BEE5A02E2C70}.Release|Any CPU.Build.0 = Release|Any CPU
	EndGlobalSection
	GlobalSection(NestedProjects) = preSolution
		{E81C2094-833A-43C4-8A0A-BEE5A02E2C70} = {32780060-CC3B-43D2-B555-A1CF44CE0FED}
	EndGlobalSection
EndGlobal
